
Microsoft Visual Studio Solution File, Format Version 12.00
# Visual Studio 15
VisualStudioVersion = 15.0.27428.2002
MinimumVisualStudioVersion = 10.0.40219.1
Project("{9A19103F-16F7-4668-BE54-9A1E7A4F7556}") = "MoviesREST", "MoviesREST\MoviesREST.csproj", "{520C3460-B504-4D0C-8E2B-7541F0969A14}"
EndProject
Global
	GlobalSection(SolutionConfigurationPlatforms) = preSolution
		Debug|Any CPU = Debug|Any CPU
		Release|Any CPU = Release|Any CPU
	EndGlobalSection
	GlobalSection(ProjectConfigurationPlatforms) = postSolution
		{520C3460-B504-4D0C-8E2B-7541F0969A14}.Debug|Any CPU.ActiveCfg = Debug|Any CPU
		{520C3460-B504-4D0C-8E2B-7541F0969A14}.Debug|Any CPU.Build.0 = Debug|Any CPU
		{520C3460-B504-4D0C-8E2B-7541F0969A14}.Release|Any CPU.ActiveCfg = Release|Any CPU
		{520C3460-B504-4D0C-8E2B-7541F0969A14}.Release|Any CPU.Build.0 = Release|Any CPU
	EndGlobalSection
	GlobalSection(SolutionProperties) = preSolution
		HideSolutionNode = FALSE
	EndGlobalSection
	GlobalSection(ExtensibilityGlobals) = postSolution
		SolutionGuid = {69FBEB5A-8539-4ACB-BC7E-498D75D4E7BB}
	EndGlobalSection
	GlobalSection(TeamFoundationVersionControl) = preSolution
		SccNumberOfProjects = 2
		SccEnterpriseProvider = {4CA58AB2-18FA-4F8D-95D4-32DDF27D184C}
		SccTeamFoundationServer = https://nzaheer.visualstudio.com/
		SccLocalPath0 = .
		SccProjectUniqueName1 = MoviesREST\\MoviesREST.csproj
		SccProjectName1 = MoviesREST
		SccLocalPath1 = MoviesREST
	EndGlobalSection
EndGlobal
